
Microsoft Visual Studio Solution File, Format Version 12.00
# Visual Studio Version 17
VisualStudioVersion = 17.5.002.0
MinimumVisualStudioVersion = 10.0.40219.1
Project("{9A19103F-16F7-4668-BE54-9A1E7A4F7556}") = "project1", "project1\project1.csproj", "{F21BD5BC-89A9-4AE7-BCF2-C2A1809CA0E4}"
EndProject
Global
	GlobalSection(SolutionConfigurationPlatforms) = preSolution
		Debug|Any CPU = Debug|Any CPU
		Release|Any CPU = Release|Any CPU
	EndGlobalSection
	GlobalSection(ProjectConfigurationPlatforms) = postSolution
		{F21BD5BC-89A9-4AE7-BCF2-C2A1809CA0E4}.Debug|Any CPU.ActiveCfg = Debug|Any CPU
		{F21BD5BC-89A9-4AE7-BCF2-C2A1809CA0E4}.Debug|Any CPU.Build.0 = Debug|Any CPU
		{F21BD5BC-89A9-4AE7-BCF2-C2A1809CA0E4}.Release|Any CPU.ActiveCfg = Release|Any CPU
		{F21BD5BC-89A9-4AE7-BCF2-C2A1809CA0E4}.Release|Any CPU.Build.0 = Release|Any CPU
	EndGlobalSection
	GlobalSection(SolutionProperties) = preSolution
		HideSolutionNode = FALSE
	EndGlobalSection
	GlobalSection(ExtensibilityGlobals) = postSolution
		SolutionGuid = {CD735B9C-6DFE-42D4-AB20-D72281944724}
	EndGlobalSection
EndGlobal
